// !$*UTF8*$!
{
	archiveVersion = 1;
	classes = {
	};
	objectVersion = 56;
	objects = {

/* Begin PBXBuildFile section */
		0CFE0C732D974047006D1526 /* ResultViewController.swift in Sources */ = {isa = PBXBuildFile; fileRef = 0CFE0C722D974047006D1526 /* ResultViewController.swift */; };
		5203EF5B2D8E252800DDCE9C /* ModelClasses.swift in Sources */ = {isa = PBXBuildFile; fileRef = 5203EF5A2D8E252800DDCE9C /* ModelClasses.swift */; };
		5203EF5D2D8E2A7900DDCE9C /* QuestionsTableViewController.swift in Sources */ = {isa = PBXBuildFile; fileRef = 5203EF5C2D8E2A7900DDCE9C /* QuestionsTableViewController.swift */; };
		5203EF5F2D8E2AA400DDCE9C /* AddQuestionViewController.swift in Sources */ = {isa = PBXBuildFile; fileRef = 5203EF5E2D8E2AA400DDCE9C /* AddQuestionViewController.swift */; };
		5203EF612D8E347300DDCE9C /* QuestionTableViewCell.swift in Sources */ = {isa = PBXBuildFile; fileRef = 5203EF602D8E347300DDCE9C /* QuestionTableViewCell.swift */; };
		524911692D8F1AF300A72F17 /* QuizViewController.swift in Sources */ = {isa = PBXBuildFile; fileRef = 524911682D8F1AF300A72F17 /* QuizViewController.swift */; };
		527AEAB52D8B9F46001E8DD5 /* AppDelegate.swift in Sources */ = {isa = PBXBuildFile; fileRef = 527AEAB42D8B9F46001E8DD5 /* AppDelegate.swift */; };
		527AEAB72D8B9F46001E8DD5 /* SceneDelegate.swift in Sources */ = {isa = PBXBuildFile; fileRef = 527AEAB62D8B9F46001E8DD5 /* SceneDelegate.swift */; };
		527AEAB92D8B9F46001E8DD5 /* ViewController.swift in Sources */ = {isa = PBXBuildFile; fileRef = 527AEAB82D8B9F46001E8DD5 /* ViewController.swift */; };
		527AEABC2D8B9F46001E8DD5 /* Main.storyboard in Resources */ = {isa = PBXBuildFile; fileRef = 527AEABA2D8B9F46001E8DD5 /* Main.storyboard */; };
		527AEABE2D8B9F4C001E8DD5 /* Assets.xcassets in Resources */ = {isa = PBXBuildFile; fileRef = 527AEABD2D8B9F4C001E8DD5 /* Assets.xcassets */; };
		527AEAC12D8B9F4C001E8DD5 /* LaunchScreen.storyboard in Resources */ = {isa = PBXBuildFile; fileRef = 527AEABF2D8B9F4C001E8DD5 /* LaunchScreen.storyboard */; };
		527AEACC2D8B9F4E001E8DD5 /* Asssignment3Tests.swift in Sources */ = {isa = PBXBuildFile; fileRef = 527AEACB2D8B9F4E001E8DD5 /* Asssignment3Tests.swift */; };
		527AEAD62D8B9F4E001E8DD5 /* Asssignment3UITests.swift in Sources */ = {isa = PBXBuildFile; fileRef = 527AEAD52D8B9F4E001E8DD5 /* Asssignment3UITests.swift */; };
		527AEAD82D8B9F4E001E8DD5 /* Asssignment3UITestsLaunchTests.swift in Sources */ = {isa = PBXBuildFile; fileRef = 527AEAD72D8B9F4E001E8DD5 /* Asssignment3UITestsLaunchTests.swift */; };
/* End PBXBuildFile section */

/* Begin PBXContainerItemProxy section */
		527AEAC82D8B9F4E001E8DD5 /* PBXContainerItemProxy */ = {
			isa = PBXContainerItemProxy;
			containerPortal = 527AEAA92D8B9F46001E8DD5 /* Project object */;
			proxyType = 1;
			remoteGlobalIDString = 527AEAB02D8B9F46001E8DD5;
			remoteInfo = Asssignment3;
		};
		527AEAD22D8B9F4E001E8DD5 /* PBXContainerItemProxy */ = {
			isa = PBXContainerItemProxy;
			containerPortal = 527AEAA92D8B9F46001E8DD5 /* Project object */;
			proxyType = 1;
			remoteGlobalIDString = 527AEAB02D8B9F46001E8DD5;
			remoteInfo = Asssignment3;
		};
/* End PBXContainerItemProxy section */

/* Begin PBXFileReference section */
		0CFE0C722D974047006D1526 /* ResultViewController.swift */ = {isa = PBXFileReference; lastKnownFileType = sourcecode.swift; path = ResultViewController.swift; sourceTree = "<group>"; };
		5203EF5A2D8E252800DDCE9C /* ModelClasses.swift */ = {isa = PBXFileReference; lastKnownFileType = sourcecode.swift; path = ModelClasses.swift; sourceTree = "<group>"; };
		5203EF5C2D8E2A7900DDCE9C /* QuestionsTableViewController.swift */ = {isa = PBXFileReference; lastKnownFileType = sourcecode.swift; path = QuestionsTableViewController.swift; sourceTree = "<group>"; };
		5203EF5E2D8E2AA400DDCE9C /* AddQuestionViewController.swift */ = {isa = PBXFileReference; lastKnownFileType = sourcecode.swift; path = AddQuestionViewController.swift; sourceTree = "<group>"; };
		5203EF602D8E347300DDCE9C /* QuestionTableViewCell.swift */ = {isa = PBXFileReference; lastKnownFileType = sourcecode.swift; path = QuestionTableViewCell.swift; sourceTree = "<group>"; };
		524911682D8F1AF300A72F17 /* QuizViewController.swift */ = {isa = PBXFileReference; lastKnownFileType = sourcecode.swift; path = QuizViewController.swift; sourceTree = "<group>"; };
		527AEAB12D8B9F46001E8DD5 /* Asssignment3.app */ = {isa = PBXFileReference; explicitFileType = wrapper.application; includeInIndex = 0; path = Asssignment3.app; sourceTree = BUILT_PRODUCTS_DIR; };
		527AEAB42D8B9F46001E8DD5 /* AppDelegate.swift */ = {isa = PBXFileReference; lastKnownFileType = sourcecode.swift; path = AppDelegate.swift; sourceTree = "<group>"; };
		527AEAB62D8B9F46001E8DD5 /* SceneDelegate.swift */ = {isa = PBXFileReference; lastKnownFileType = sourcecode.swift; path = SceneDelegate.swift; sourceTree = "<group>"; };
		527AEAB82D8B9F46001E8DD5 /* ViewController.swift */ = {isa = PBXFileReference; lastKnownFileType = sourcecode.swift; path = ViewController.swift; sourceTree = "<group>"; };
		527AEABB2D8B9F46001E8DD5 /* Base */ = {isa = PBXFileReference; lastKnownFileType = file.storyboard; name = Base; path = Base.lproj/Main.storyboard; sourceTree = "<group>"; };
		527AEABD2D8B9F4C001E8DD5 /* Assets.xcassets */ = {isa = PBXFileReference; lastKnownFileType = folder.assetcatalog; path = Assets.xcassets; sourceTree = "<group>"; };
		527AEAC02D8B9F4C001E8DD5 /* Base */ = {isa = PBXFileReference; lastKnownFileType = file.storyboard; name = Base; path = Base.lproj/LaunchScreen.storyboard; sourceTree = "<group>"; };
		527AEAC22D8B9F4D001E8DD5 /* Info.plist */ = {isa = PBXFileReference; lastKnownFileType = text.plist.xml; path = Info.plist; sourceTree = "<group>"; };
		527AEAC72D8B9F4E001E8DD5 /* Asssignment3Tests.xctest */ = {isa = PBXFileReference; explicitFileType = wrapper.cfbundle; includeInIndex = 0; path = Asssignment3Tests.xctest; sourceTree = BUILT_PRODUCTS_DIR; };
		527AEACB2D8B9F4E001E8DD5 /* Asssignment3Tests.swift */ = {isa = PBXFileReference; lastKnownFileType = sourcecode.swift; path = Asssignment3Tests.swift; sourceTree = "<group>"; };
		527AEAD12D8B9F4E001E8DD5 /* Asssignment3UITests.xctest */ = {isa = PBXFileReference; explicitFileType = wrapper.cfbundle; includeInIndex = 0; path = Asssignment3UITests.xctest; sourceTree = BUILT_PRODUCTS_DIR; };
		527AEAD52D8B9F4E001E8DD5 /* Asssignment3UITests.swift */ = {isa = PBXFileReference; lastKnownFileType = sourcecode.swift; path = Asssignment3UITests.swift; sourceTree = "<group>"; };
		527AEAD72D8B9F4E001E8DD5 /* Asssignment3UITestsLaunchTests.swift */ = {isa = PBXFileReference; lastKnownFileType = sourcecode.swift; path = Asssignment3UITestsLaunchTests.swift; sourceTree = "<group>"; };
/* End PBXFileReference section */

/* Begin PBXFrameworksBuildPhase section */
		527AEAAE2D8B9F46001E8DD5 /* Frameworks */ = {
			isa = PBXFrameworksBuildPhase;
			buildActionMask = 2147483647;
			files = (
			);
			runOnlyForDeploymentPostprocessing = 0;
		};
		527AEAC42D8B9F4E001E8DD5 /* Frameworks */ = {
			isa = PBXFrameworksBuildPhase;
			buildActionMask = 2147483647;
			files = (
			);
			runOnlyForDeploymentPostprocessing = 0;
		};
		527AEACE2D8B9F4E001E8DD5 /* Frameworks */ = {
			isa = PBXFrameworksBuildPhase;
			buildActionMask = 2147483647;
			files = (
			);
			runOnlyForDeploymentPostprocessing = 0;
		};
/* End PBXFrameworksBuildPhase section */

/* Begin PBXGroup section */
		527AEAA82D8B9F46001E8DD5 = {
			isa = PBXGroup;
			children = (
				527AEAB32D8B9F46001E8DD5 /* Asssignment3 */,
				527AEACA2D8B9F4E001E8DD5 /* Asssignment3Tests */,
				527AEAD42D8B9F4E001E8DD5 /* Asssignment3UITests */,
				527AEAB22D8B9F46001E8DD5 /* Products */,
			);
			sourceTree = "<group>";
		};
		527AEAB22D8B9F46001E8DD5 /* Products */ = {
			isa = PBXGroup;
			children = (
				527AEAB12D8B9F46001E8DD5 /* Asssignment3.app */,
				527AEAC72D8B9F4E001E8DD5 /* Asssignment3Tests.xctest */,
				527AEAD12D8B9F4E001E8DD5 /* Asssignment3UITests.xctest */,
			);
			name = Products;
			sourceTree = "<group>";
		};
		527AEAB32D8B9F46001E8DD5 /* Asssignment3 */ = {
			isa = PBXGroup;
			children = (
				527AEAB42D8B9F46001E8DD5 /* AppDelegate.swift */,
				527AEAB62D8B9F46001E8DD5 /* SceneDelegate.swift */,
				527AEAB82D8B9F46001E8DD5 /* ViewController.swift */,
				527AEABA2D8B9F46001E8DD5 /* Main.storyboard */,
				527AEABD2D8B9F4C001E8DD5 /* Assets.xcassets */,
				527AEABF2D8B9F4C001E8DD5 /* LaunchScreen.storyboard */,
				527AEAC22D8B9F4D001E8DD5 /* Info.plist */,
				5203EF5A2D8E252800DDCE9C /* ModelClasses.swift */,
				5203EF5C2D8E2A7900DDCE9C /* QuestionsTableViewController.swift */,
				5203EF5E2D8E2AA400DDCE9C /* AddQuestionViewController.swift */,
				5203EF602D8E347300DDCE9C /* QuestionTableViewCell.swift */,
				524911682D8F1AF300A72F17 /* QuizViewController.swift */,
				0CFE0C722D974047006D1526 /* ResultViewController.swift */,
			);
			path = Asssignment3;
			sourceTree = "<group>";
		};
		527AEACA2D8B9F4E001E8DD5 /* Asssignment3Tests */ = {
			isa = PBXGroup;
			children = (
				527AEACB2D8B9F4E001E8DD5 /* Asssignment3Tests.swift */,
			);
			path = Asssignment3Tests;
			sourceTree = "<group>";
		};
		527AEAD42D8B9F4E001E8DD5 /* Asssignment3UITests */ = {
			isa = PBXGroup;
			children = (
				527AEAD52D8B9F4E001E8DD5 /* Asssignment3UITests.swift */,
				527AEAD72D8B9F4E001E8DD5 /* Asssignment3UITestsLaunchTests.swift */,
			);
			path = Asssignment3UITests;
			sourceTree = "<group>";
		};
/* End PBXGroup section */

/* Begin PBXNativeTarget section */
		527AEAB02D8B9F46001E8DD5 /* Asssignment3 */ = {
			isa = PBXNativeTarget;
			buildConfigurationList = 527AEADB2D8B9F4E001E8DD5 /* Build configuration list for PBXNativeTarget "Asssignment3" */;
			buildPhases = (
				527AEAAD2D8B9F46001E8DD5 /* Sources */,
				527AEAAE2D8B9F46001E8DD5 /* Frameworks */,
				527AEAAF2D8B9F46001E8DD5 /* Resources */,
			);
			buildRules = (
			);
			dependencies = (
			);
			name = Asssignment3;
			productName = Asssignment3;
			productReference = 527AEAB12D8B9F46001E8DD5 /* Asssignment3.app */;
			productType = "com.apple.product-type.application";
		};
		527AEAC62D8B9F4E001E8DD5 /* Asssignment3Tests */ = {
			isa = PBXNativeTarget;
			buildConfigurationList = 527AEADE2D8B9F4E001E8DD5 /* Build configuration list for PBXNativeTarget "Asssignment3Tests" */;
			buildPhases = (
				527AEAC32D8B9F4E001E8DD5 /* Sources */,
				527AEAC42D8B9F4E001E8DD5 /* Frameworks */,
				527AEAC52D8B9F4E001E8DD5 /* Resources */,
			);
			buildRules = (
			);
			dependencies = (
				527AEAC92D8B9F4E001E8DD5 /* PBXTargetDependency */,
			);
			name = Asssignment3Tests;
			productName = Asssignment3Tests;
			productReference = 527AEAC72D8B9F4E001E8DD5 /* Asssignment3Tests.xctest */;
			productType = "com.apple.product-type.bundle.unit-test";
		};
		527AEAD02D8B9F4E001E8DD5 /* Asssignment3UITests */ = {
			isa = PBXNativeTarget;
			buildConfigurationList = 527AEAE12D8B9F4E001E8DD5 /* Build configuration list for PBXNativeTarget "Asssignment3UITests" */;
			buildPhases = (
				527AEACD2D8B9F4E001E8DD5 /* Sources */,
				527AEACE2D8B9F4E001E8DD5 /* Frameworks */,
				527AEACF2D8B9F4E001E8DD5 /* Resources */,
			);
			buildRules = (
			);
			dependencies = (
				527AEAD32D8B9F4E001E8DD5 /* PBXTargetDependency */,
			);
			name = Asssignment3UITests;
			productName = Asssignment3UITests;
			productReference = 527AEAD12D8B9F4E001E8DD5 /* Asssignment3UITests.xctest */;
			productType = "com.apple.product-type.bundle.ui-testing";
		};
/* End PBXNativeTarget section */

/* Begin PBXProject section */
		527AEAA92D8B9F46001E8DD5 /* Project object */ = {
			isa = PBXProject;
			attributes = {
				BuildIndependentTargetsInParallel = 1;
				LastSwiftUpdateCheck = 1420;
				LastUpgradeCheck = 1420;
				TargetAttributes = {
					527AEAB02D8B9F46001E8DD5 = {
						CreatedOnToolsVersion = 14.2;
					};
					527AEAC62D8B9F4E001E8DD5 = {
						CreatedOnToolsVersion = 14.2;
						TestTargetID = 527AEAB02D8B9F46001E8DD5;
					};
					527AEAD02D8B9F4E001E8DD5 = {
						CreatedOnToolsVersion = 14.2;
						TestTargetID = 527AEAB02D8B9F46001E8DD5;
					};
				};
			};
			buildConfigurationList = 527AEAAC2D8B9F46001E8DD5 /* Build configuration list for PBXProject "Asssignment3" */;
			compatibilityVersion = "Xcode 14.0";
			developmentRegion = en;
			hasScannedForEncodings = 0;
			knownRegions = (
				en,
				Base,
			);
			mainGroup = 527AEAA82D8B9F46001E8DD5;
			productRefGroup = 527AEAB22D8B9F46001E8DD5 /* Products */;
			projectDirPath = "";
			projectRoot = "";
			targets = (
				527AEAB02D8B9F46001E8DD5 /* Asssignment3 */,
				527AEAC62D8B9F4E001E8DD5 /* Asssignment3Tests */,
				527AEAD02D8B9F4E001E8DD5 /* Asssignment3UITests */,
			);
		};
/* End PBXProject section */

/* Begin PBXResourcesBuildPhase section */
		527AEAAF2D8B9F46001E8DD5 /* Resources */ = {
			isa = PBXResourcesBuildPhase;
			buildActionMask = 2147483647;
			files = (
				527AEAC12D8B9F4C001E8DD5 /* LaunchScreen.storyboard in Resources */,
				527AEABE2D8B9F4C001E8DD5 /* Assets.xcassets in Resources */,
				527AEABC2D8B9F46001E8DD5 /* Main.storyboard in Resources */,
			);
			runOnlyForDeploymentPostprocessing = 0;
		};
		527AEAC52D8B9F4E001E8DD5 /* Resources */ = {
			isa = PBXResourcesBuildPhase;
			buildActionMask = 2147483647;
			files = (
			);
			runOnlyForDeploymentPostprocessing = 0;
		};
		527AEACF2D8B9F4E001E8DD5 /* Resources */ = {
			isa = PBXResourcesBuildPhase;
			buildActionMask = 2147483647;
			files = (
			);
			runOnlyForDeploymentPostprocessing = 0;
		};
/* End PBXResourcesBuildPhase section */

/* Begin PBXSourcesBuildPhase section */
		527AEAAD2D8B9F46001E8DD5 /* Sources */ = {
			isa = PBXSourcesBuildPhase;
			buildActionMask = 2147483647;
			files = (
				5203EF5B2D8E252800DDCE9C /* ModelClasses.swift in Sources */,
				5203EF5D2D8E2A7900DDCE9C /* QuestionsTableViewController.swift in Sources */,
				5203EF5F2D8E2AA400DDCE9C /* AddQuestionViewController.swift in Sources */,
				524911692D8F1AF300A72F17 /* QuizViewController.swift in Sources */,
				527AEAB92D8B9F46001E8DD5 /* ViewController.swift in Sources */,
				527AEAB52D8B9F46001E8DD5 /* AppDelegate.swift in Sources */,
				527AEAB72D8B9F46001E8DD5 /* SceneDelegate.swift in Sources */,
				5203EF612D8E347300DDCE9C /* QuestionTableViewCell.swift in Sources */,
				0CFE0C732D974047006D1526 /* ResultViewController.swift in Sources */,
			);
			runOnlyForDeploymentPostprocessing = 0;
		};
		527AEAC32D8B9F4E001E8DD5 /* Sources */ = {
			isa = PBXSourcesBuildPhase;
			buildActionMask = 2147483647;
			files = (
				527AEACC2D8B9F4E001E8DD5 /* Asssignment3Tests.swift in Sources */,
			);
			runOnlyForDeploymentPostprocessing = 0;
		};
		527AEACD2D8B9F4E001E8DD5 /* Sources */ = {
			isa = PBXSourcesBuildPhase;
			buildActionMask = 2147483647;
			files = (
				527AEAD62D8B9F4E001E8DD5 /* Asssignment3UITests.swift in Sources */,
				527AEAD82D8B9F4E001E8DD5 /* Asssignment3UITestsLaunchTests.swift in Sources */,
			);
			runOnlyForDeploymentPostprocessing = 0;
		};
/* End PBXSourcesBuildPhase section */

/* Begin PBXTargetDependency section */
		527AEAC92D8B9F4E001E8DD5 /* PBXTargetDependency */ = {
			isa = PBXTargetDependency;
			target = 527AEAB02D8B9F46001E8DD5 /* Asssignment3 */;
			targetProxy = 527AEAC82D8B9F4E001E8DD5 /* PBXContainerItemProxy */;
		};
		527AEAD32D8B9F4E001E8DD5 /* PBXTargetDependency */ = {
			isa = PBXTargetDependency;
			target = 527AEAB02D8B9F46001E8DD5 /* Asssignment3 */;
			targetProxy = 527AEAD22D8B9F4E001E8DD5 /* PBXContainerItemProxy */;
		};
/* End PBXTargetDependency section */

/* Begin PBXVariantGroup section */
		527AEABA2D8B9F46001E8DD5 /* Main.storyboard */ = {
			isa = PBXVariantGroup;
			children = (
				527AEABB2D8B9F46001E8DD5 /* Base */,
			);
			name = Main.storyboard;
			sourceTree = "<group>";
		};
		527AEABF2D8B9F4C001E8DD5 /* LaunchScreen.storyboard */ = {
			isa = PBXVariantGroup;
			children = (
				527AEAC02D8B9F4C001E8DD5 /* Base */,
			);
			name = LaunchScreen.storyboard;
			sourceTree = "<group>";
		};
/* End PBXVariantGroup section */

/* Begin XCBuildConfiguration section */
		527AEAD92D8B9F4E001E8DD5 /* Debug */ = {
			isa = XCBuildConfiguration;
			buildSettings = {
				ALWAYS_SEARCH_USER_PATHS = NO;
				CLANG_ANALYZER_NONNULL = YES;
				CLANG_ANALYZER_NUMBER_OBJECT_CONVERSION = YES_AGGRESSIVE;
				CLANG_CXX_LANGUAGE_STANDARD = "gnu++20";
				CLANG_ENABLE_MODULES = YES;
				CLANG_ENABLE_OBJC_ARC = YES;
				CLANG_ENABLE_OBJC_WEAK = YES;
				CLANG_WARN_BLOCK_CAPTURE_AUTORELEASING = YES;
				CLANG_WARN_BOOL_CONVERSION = YES;
				CLANG_WARN_COMMA = YES;
				CLANG_WARN_CONSTANT_CONVERSION = YES;
				CLANG_WARN_DEPRECATED_OBJC_IMPLEMENTATIONS = YES;
				CLANG_WARN_DIRECT_OBJC_ISA_USAGE = YES_ERROR;
				CLANG_WARN_DOCUMENTATION_COMMENTS = YES;
				CLANG_WARN_EMPTY_BODY = YES;
				CLANG_WARN_ENUM_CONVERSION = YES;
				CLANG_WARN_INFINITE_RECURSION = YES;
				CLANG_WARN_INT_CONVERSION = YES;
				CLANG_WARN_NON_LITERAL_NULL_CONVERSION = YES;
				CLANG_WARN_OBJC_IMPLICIT_RETAIN_SELF = YES;
				CLANG_WARN_OBJC_LITERAL_CONVERSION = YES;
				CLANG_WARN_OBJC_ROOT_CLASS = YES_ERROR;
				CLANG_WARN_QUOTED_INCLUDE_IN_FRAMEWORK_HEADER = YES;
				CLANG_WARN_RANGE_LOOP_ANALYSIS = YES;
				CLANG_WARN_STRICT_PROTOTYPES = YES;
				CLANG_WARN_SUSPICIOUS_MOVE = YES;
				CLANG_WARN_UNGUARDED_AVAILABILITY = YES_AGGRESSIVE;
				CLANG_WARN_UNREACHABLE_CODE = YES;
				CLANG_WARN__DUPLICATE_METHOD_MATCH = YES;
				COPY_PHASE_STRIP = NO;
				DEBUG_INFORMATION_FORMAT = dwarf;
				ENABLE_STRICT_OBJC_MSGSEND = YES;
				ENABLE_TESTABILITY = YES;
				GCC_C_LANGUAGE_STANDARD = gnu11;
				GCC_DYNAMIC_NO_PIC = NO;
				GCC_NO_COMMON_BLOCKS = YES;
				GCC_OPTIMIZATION_LEVEL = 0;
				GCC_PREPROCESSOR_DEFINITIONS = (
					"DEBUG=1",
					"$(inherited)",
				);
				GCC_WARN_64_TO_32_BIT_CONVERSION = YES;
				GCC_WARN_ABOUT_RETURN_TYPE = YES_ERROR;
				GCC_WARN_UNDECLARED_SELECTOR = YES;
				GCC_WARN_UNINITIALIZED_AUTOS = YES_AGGRESSIVE;
				GCC_WARN_UNUSED_FUNCTION = YES;
				GCC_WARN_UNUSED_VARIABLE = YES;
				IPHONEOS_DEPLOYMENT_TARGET = 16.2;
				MTL_ENABLE_DEBUG_INFO = INCLUDE_SOURCE;
				MTL_FAST_MATH = YES;
				ONLY_ACTIVE_ARCH = YES;
				SDKROOT = iphoneos;
				SWIFT_ACTIVE_COMPILATION_CONDITIONS = DEBUG;
				SWIFT_OPTIMIZATION_LEVEL = "-Onone";
			};
			name = Debug;
		};
		527AEADA2D8B9F4E001E8DD5 /* Release */ = {
			isa = XCBuildConfiguration;
			buildSettings = {
				ALWAYS_SEARCH_USER_PATHS = NO;
				CLANG_ANALYZER_NONNULL = YES;
				CLANG_ANALYZER_NUMBER_OBJECT_CONVERSION = YES_AGGRESSIVE;
				CLANG_CXX_LANGUAGE_STANDARD = "gnu++20";
				CLANG_ENABLE_MODULES = YES;
				CLANG_ENABLE_OBJC_ARC = YES;
				CLANG_ENABLE_OBJC_WEAK = YES;
				CLANG_WARN_BLOCK_CAPTURE_AUTORELEASING = YES;
				CLANG_WARN_BOOL_CONVERSION = YES;
				CLANG_WARN_COMMA = YES;
				CLANG_WARN_CONSTANT_CONVERSION = YES;
				CLANG_WARN_DEPRECATED_OBJC_IMPLEMENTATIONS = YES;
				CLANG_WARN_DIRECT_OBJC_ISA_USAGE = YES_ERROR;
				CLANG_WARN_DOCUMENTATION_COMMENTS = YES;
				CLANG_WARN_EMPTY_BODY = YES;
				CLANG_WARN_ENUM_CONVERSION = YES;
				CLANG_WARN_INFINITE_RECURSION = YES;
				CLANG_WARN_INT_CONVERSION = YES;
				CLANG_WARN_NON_LITERAL_NULL_CONVERSION = YES;
				CLANG_WARN_OBJC_IMPLICIT_RETAIN_SELF = YES;
				CLANG_WARN_OBJC_LITERAL_CONVERSION = YES;
				CLANG_WARN_OBJC_ROOT_CLASS = YES_ERROR;
				CLANG_WARN_QUOTED_INCLUDE_IN_FRAMEWORK_HEADER = YES;
				CLANG_WARN_RANGE_LOOP_ANALYSIS = YES;
				CLANG_WARN_STRICT_PROTOTYPES = YES;
				CLANG_WARN_SUSPICIOUS_MOVE = YES;
				CLANG_WARN_UNGUARDED_AVAILABILITY = YES_AGGRESSIVE;
				CLANG_WARN_UNREACHABLE_CODE = YES;
				CLANG_WARN__DUPLICATE_METHOD_MATCH = YES;
				COPY_PHASE_STRIP = NO;
				DEBUG_INFORMATION_FORMAT = "dwarf-with-dsym";
				ENABLE_NS_ASSERTIONS = NO;
				ENABLE_STRICT_OBJC_MSGSEND = YES;
				GCC_C_LANGUAGE_STANDARD = gnu11;
				GCC_NO_COMMON_BLOCKS = YES;
				GCC_WARN_64_TO_32_BIT_CONVERSION = YES;
				GCC_WARN_ABOUT_RETURN_TYPE = YES_ERROR;
				GCC_WARN_UNDECLARED_SELECTOR = YES;
				GCC_WARN_UNINITIALIZED_AUTOS = YES_AGGRESSIVE;
				GCC_WARN_UNUSED_FUNCTION = YES;
				GCC_WARN_UNUSED_VARIABLE = YES;
				IPHONEOS_DEPLOYMENT_TARGET = 16.2;
				MTL_ENABLE_DEBUG_INFO = NO;
				MTL_FAST_MATH = YES;
				SDKROOT = iphoneos;
				SWIFT_COMPILATION_MODE = wholemodule;
				SWIFT_OPTIMIZATION_LEVEL = "-O";
				VALIDATE_PRODUCT = YES;
			};
			name = Release;
		};
		527AEADC2D8B9F4E001E8DD5 /* Debug */ = {
			isa = XCBuildConfiguration;
			buildSettings = {
				ASSETCATALOG_COMPILER_APPICON_NAME = AppIcon;
				ASSETCATALOG_COMPILER_GLOBAL_ACCENT_COLOR_NAME = AccentColor;
				CODE_SIGN_STYLE = Automatic;
				CURRENT_PROJECT_VERSION = 1;
				GENERATE_INFOPLIST_FILE = YES;
				INFOPLIST_FILE = Asssignment3/Info.plist;
				INFOPLIST_KEY_UIApplicationSupportsIndirectInputEvents = YES;
				INFOPLIST_KEY_UILaunchStoryboardName = LaunchScreen;
				INFOPLIST_KEY_UIMainStoryboardFile = Main;
				INFOPLIST_KEY_UISupportedInterfaceOrientations_iPad = "UIInterfaceOrientationPortrait UIInterfaceOrientationPortraitUpsideDown UIInterfaceOrientationLandscapeLeft UIInterfaceOrientationLandscapeRight";
				INFOPLIST_KEY_UISupportedInterfaceOrientations_iPhone = "UIInterfaceOrientationPortrait UIInterfaceOrientationLandscapeLeft UIInterfaceOrientationLandscapeRight";
				LD_RUNPATH_SEARCH_PATHS = (
					"$(inherited)",
					"@executable_path/Frameworks",
				);
				MARKETING_VERSION = 1.0;
				PRODUCT_BUNDLE_IDENTIFIER = ca.humber.Asssignment3;
				PRODUCT_NAME = "$(TARGET_NAME)";
				SWIFT_EMIT_LOC_STRINGS = YES;
				SWIFT_VERSION = 5.0;
				TARGETED_DEVICE_FAMILY = "1,2";
			};
			name = Debug;
		};
		527AEADD2D8B9F4E001E8DD5 /* Release */ = {
			isa = XCBuildConfiguration;
			buildSettings = {
				ASSETCATALOG_COMPILER_APPICON_NAME = AppIcon;
				ASSETCATALOG_COMPILER_GLOBAL_ACCENT_COLOR_NAME = AccentColor;
				CODE_SIGN_STYLE = Automatic;
				CURRENT_PROJECT_VERSION = 1;
				GENERATE_INFOPLIST_FILE = YES;
				INFOPLIST_FILE = Asssignment3/Info.plist;
				INFOPLIST_KEY_UIApplicationSupportsIndirectInputEvents = YES;
				INFOPLIST_KEY_UILaunchStoryboardName = LaunchScreen;
				INFOPLIST_KEY_UIMainStoryboardFile = Main;
				INFOPLIST_KEY_UISupportedInterfaceOrientations_iPad = "UIInterfaceOrientationPortrait UIInterfaceOrientationPortraitUpsideDown UIInterfaceOrientationLandscapeLeft UIInterfaceOrientationLandscapeRight";
				INFOPLIST_KEY_UISupportedInterfaceOrientations_iPhone = "UIInterfaceOrientationPortrait UIInterfaceOrientationLandscapeLeft UIInterfaceOrientationLandscapeRight";
				LD_RUNPATH_SEARCH_PATHS = (
					"$(inherited)",
					"@executable_path/Frameworks",
				);
				MARKETING_VERSION = 1.0;
				PRODUCT_BUNDLE_IDENTIFIER = ca.humber.Asssignment3;
				PRODUCT_NAME = "$(TARGET_NAME)";
				SWIFT_EMIT_LOC_STRINGS = YES;
				SWIFT_VERSION = 5.0;
				TARGETED_DEVICE_FAMILY = "1,2";
			};
			name = Release;
		};
		527AEADF2D8B9F4E001E8DD5 /* Debug */ = {
			isa = XCBuildConfiguration;
			buildSettings = {
				ALWAYS_EMBED_SWIFT_STANDARD_LIBRARIES = YES;
				BUNDLE_LOADER = "$(TEST_HOST)";
				CODE_SIGN_STYLE = Automatic;
				CURRENT_PROJECT_VERSION = 1;
				GENERATE_INFOPLIST_FILE = YES;
				IPHONEOS_DEPLOYMENT_TARGET = 16.2;
				MARKETING_VERSION = 1.0;
				PRODUCT_BUNDLE_IDENTIFIER = ca.humber.Asssignment3Tests;
				PRODUCT_NAME = "$(TARGET_NAME)";
				SWIFT_EMIT_LOC_STRINGS = NO;
				SWIFT_VERSION = 5.0;
				TARGETED_DEVICE_FAMILY = "1,2";
				TEST_HOST = "$(BUILT_PRODUCTS_DIR)/Asssignment3.app/$(BUNDLE_EXECUTABLE_FOLDER_PATH)/Asssignment3";
			};
			name = Debug;
		};
		527AEAE02D8B9F4E001E8DD5 /* Release */ = {
			isa = XCBuildConfiguration;
			buildSettings = {
				ALWAYS_EMBED_SWIFT_STANDARD_LIBRARIES = YES;
				BUNDLE_LOADER = "$(TEST_HOST)";
				CODE_SIGN_STYLE = Automatic;
				CURRENT_PROJECT_VERSION = 1;
				GENERATE_INFOPLIST_FILE = YES;
				IPHONEOS_DEPLOYMENT_TARGET = 16.2;
				MARKETING_VERSION = 1.0;
				PRODUCT_BUNDLE_IDENTIFIER = ca.humber.Asssignment3Tests;
				PRODUCT_NAME = "$(TARGET_NAME)";
				SWIFT_EMIT_LOC_STRINGS = NO;
				SWIFT_VERSION = 5.0;
				TARGETED_DEVICE_FAMILY = "1,2";
				TEST_HOST = "$(BUILT_PRODUCTS_DIR)/Asssignment3.app/$(BUNDLE_EXECUTABLE_FOLDER_PATH)/Asssignment3";
			};
			name = Release;
		};
		527AEAE22D8B9F4E001E8DD5 /* Debug */ = {
			isa = XCBuildConfiguration;
			buildSettings = {
				ALWAYS_EMBED_SWIFT_STANDARD_LIBRARIES = YES;
				CODE_SIGN_STYLE = Automatic;
				CURRENT_PROJECT_VERSION = 1;
				GENERATE_INFOPLIST_FILE = YES;
				MARKETING_VERSION = 1.0;
				PRODUCT_BUNDLE_IDENTIFIER = ca.humber.Asssignment3UITests;
				PRODUCT_NAME = "$(TARGET_NAME)";
				SWIFT_EMIT_LOC_STRINGS = NO;
				SWIFT_VERSION = 5.0;
				TARGETED_DEVICE_FAMILY = "1,2";
				TEST_TARGET_NAME = Asssignment3;
			};
			name = Debug;
		};
		527AEAE32D8B9F4E001E8DD5 /* Release */ = {
			isa = XCBuildConfiguration;
			buildSettings = {
				ALWAYS_EMBED_SWIFT_STANDARD_LIBRARIES = YES;
				CODE_SIGN_STYLE = Automatic;
				CURRENT_PROJECT_VERSION = 1;
				GENERATE_INFOPLIST_FILE = YES;
				MARKETING_VERSION = 1.0;
				PRODUCT_BUNDLE_IDENTIFIER = ca.humber.Asssignment3UITests;
				PRODUCT_NAME = "$(TARGET_NAME)";
				SWIFT_EMIT_LOC_STRINGS = NO;
				SWIFT_VERSION = 5.0;
				TARGETED_DEVICE_FAMILY = "1,2";
				TEST_TARGET_NAME = Asssignment3;
			};
			name = Release;
		};
/* End XCBuildConfiguration section */

/* Begin XCConfigurationList section */
		527AEAAC2D8B9F46001E8DD5 /* Build configuration list for PBXProject "Asssignment3" */ = {
			isa = XCConfigurationList;
			buildConfigurations = (
				527AEAD92D8B9F4E001E8DD5 /* Debug */,
				527AEADA2D8B9F4E001E8DD5 /* Release */,
			);
			defaultConfigurationIsVisible = 0;
			defaultConfigurationName = Release;
		};
		527AEADB2D8B9F4E001E8DD5 /* Build configuration list for PBXNativeTarget "Asssignment3" */ = {
			isa = XCConfigurationList;
			buildConfigurations = (
				527AEADC2D8B9F4E001E8DD5 /* Debug */,
				527AEADD2D8B9F4E001E8DD5 /* Release */,
			);
			defaultConfigurationIsVisible = 0;
			defaultConfigurationName = Release;
		};
		527AEADE2D8B9F4E001E8DD5 /* Build configuration list for PBXNativeTarget "Asssignment3Tests" */ = {
			isa = XCConfigurationList;
			buildConfigurations = (
				527AEADF2D8B9F4E001E8DD5 /* Debug */,
				527AEAE02D8B9F4E001E8DD5 /* Release */,
			);
			defaultConfigurationIsVisible = 0;
			defaultConfigurationName = Release;
		};
		527AEAE12D8B9F4E001E8DD5 /* Build configuration list for PBXNativeTarget "Asssignment3UITests" */ = {
			isa = XCConfigurationList;
			buildConfigurations = (
				527AEAE22D8B9F4E001E8DD5 /* Debug */,
				527AEAE32D8B9F4E001E8DD5 /* Release */,
			);
			defaultConfigurationIsVisible = 0;
			defaultConfigurationName = Release;
		};
/* End XCConfigurationList section */
	};
	rootObject = 527AEAA92D8B9F46001E8DD5 /* Project object */;
}
